
Microsoft Visual Studio Solution File, Format Version 12.00
# Visual Studio Version 17
VisualStudioVersion = 17.5.33530.505
MinimumVisualStudioVersion = 10.0.40219.1
Project("{FAE04EC0-301F-11D3-BF4B-00C04F79EFBC}") = "CityInfo.API", "CityInfo.API\CityInfo.API.csproj", "{05591BFE-A4E6-4DBD-BC24-6D1E9F34D271}"
EndProject
Global
	GlobalSection(SolutionConfigurationPlatforms) = preSolution
		Debug|Any CPU = Debug|Any CPU
		Release|Any CPU = Release|Any CPU
	EndGlobalSection
	GlobalSection(ProjectConfigurationPlatforms) = postSolution
		{05591BFE-A4E6-4DBD-BC24-6D1E9F34D271}.Debug|Any CPU.ActiveCfg = Debug|Any CPU
		{05591BFE-A4E6-4DBD-BC24-6D1E9F34D271}.Debug|Any CPU.Build.0 = Debug|Any CPU
		{05591BFE-A4E6-4DBD-BC24-6D1E9F34D271}.Release|Any CPU.ActiveCfg = Release|Any CPU
		{05591BFE-A4E6-4DBD-BC24-6D1E9F34D271}.Release|Any CPU.Build.0 = Release|Any CPU
	EndGlobalSection
	GlobalSection(SolutionProperties) = preSolution
		HideSolutionNode = FALSE
	EndGlobalSection
	GlobalSection(ExtensibilityGlobals) = postSolution
		SolutionGuid = {DA8E34C4-0AF9-4B92-BC28-C1C1D169F152}
	EndGlobalSection
EndGlobal
